
Microsoft Visual Studio Solution File, Format Version 12.00
# Visual Studio 14
VisualStudioVersion = 14.0.25123.0
MinimumVisualStudioVersion = 10.0.40219.1
Project("{FAE04EC0-301F-11D3-BF4B-00C04F79EFBC}") = "AirticketApp", "AirticketApp\AirticketApp.csproj", "{444F4A5F-B201-46A8-ABF7-DC56C58B12F2}"
EndProject
Project("{FAE04EC0-301F-11D3-BF4B-00C04F79EFBC}") = "AirticketApp.Tests", "AirticketApp.Tests\AirticketApp.Tests.csproj", "{124DB2F2-2BAC-43C9-864E-C165481BC6A0}"
EndProject
Global
	GlobalSection(SolutionConfigurationPlatforms) = preSolution
		Debug|Any CPU = Debug|Any CPU
		Release|Any CPU = Release|Any CPU
	EndGlobalSection
	GlobalSection(ProjectConfigurationPlatforms) = postSolution
		{444F4A5F-B201-46A8-ABF7-DC56C58B12F2}.Debug|Any CPU.ActiveCfg = Debug|Any CPU
		{444F4A5F-B201-46A8-ABF7-DC56C58B12F2}.Debug|Any CPU.Build.0 = Debug|Any CPU
		{444F4A5F-B201-46A8-ABF7-DC56C58B12F2}.Release|Any CPU.ActiveCfg = Release|Any CPU
		{444F4A5F-B201-46A8-ABF7-DC56C58B12F2}.Release|Any CPU.Build.0 = Release|Any CPU
		{124DB2F2-2BAC-43C9-864E-C165481BC6A0}.Debug|Any CPU.ActiveCfg = Debug|Any CPU
		{124DB2F2-2BAC-43C9-864E-C165481BC6A0}.Debug|Any CPU.Build.0 = Debug|Any CPU
		{124DB2F2-2BAC-43C9-864E-C165481BC6A0}.Release|Any CPU.ActiveCfg = Release|Any CPU
		{124DB2F2-2BAC-43C9-864E-C165481BC6A0}.Release|Any CPU.Build.0 = Release|Any CPU
	EndGlobalSection
	GlobalSection(SolutionProperties) = preSolution
		HideSolutionNode = FALSE
	EndGlobalSection
EndGlobal
